// !$*UTF8*$!
{
	archiveVersion = 1;
	classes = {
	};
	objectVersion = 54;
	objects = {

/* Begin PBXBuildFile section */
		00E356F31AD99517003FC87E /* Health_CareTests.m in Sources */ = {isa = PBXBuildFile; fileRef = 00E356F21AD99517003FC87E /* Health_CareTests.m */; };
		13B07FBC1A68108700A75B9A /* AppDelegate.m in Sources */ = {isa = PBXBuildFile; fileRef = 13B07FB01A68108700A75B9A /* AppDelegate.m */; };
		13B07FBF1A68108700A75B9A /* Images.xcassets in Resources */ = {isa = PBXBuildFile; fileRef = 13B07FB51A68108700A75B9A /* Images.xcassets */; };
		13B07FC11A68108700A75B9A /* main.m in Sources */ = {isa = PBXBuildFile; fileRef = 13B07FB71A68108700A75B9A /* main.m */; };
		81AB9BB82411601600AC10FF /* LaunchScreen.storyboard in Resources */ = {isa = PBXBuildFile; fileRef = 81AB9BB72411601600AC10FF /* LaunchScreen.storyboard */; };
		51B68AE8D8014485A22C2655 /* Montserrat-Black.ttf in Resources */ = {isa = PBXBuildFile; fileRef = 93704D969E434D4AAE2E2F99 /* Montserrat-Black.ttf */; };
		FB5E5732D69C468295619DF2 /* Montserrat-BlackItalic.ttf in Resources */ = {isa = PBXBuildFile; fileRef = 84FF16DBC198410DB57D653E /* Montserrat-BlackItalic.ttf */; };
		A1ADC250D5B145AEA04C38AE /* Montserrat-Bold.ttf in Resources */ = {isa = PBXBuildFile; fileRef = 2552B76B39F84D709259381A /* Montserrat-Bold.ttf */; };
		6279191B9844437C8C1B5A95 /* Montserrat-BoldItalic.ttf in Resources */ = {isa = PBXBuildFile; fileRef = 2BFF433634194353BC1C4D7A /* Montserrat-BoldItalic.ttf */; };
		CB029C18DE5D436A9691B68F /* Montserrat-ExtraBold.ttf in Resources */ = {isa = PBXBuildFile; fileRef = B1D5B76260F4410AA7E88780 /* Montserrat-ExtraBold.ttf */; };
		B00EB40391F54D05AEEA1B3F /* Montserrat-ExtraBoldItalic.ttf in Resources */ = {isa = PBXBuildFile; fileRef = 02E360F4BF334FCFB9D62529 /* Montserrat-ExtraBoldItalic.ttf */; };
		D694BD00BA3A4F1CA2E9A18F /* Montserrat-ExtraLight.ttf in Resources */ = {isa = PBXBuildFile; fileRef = BC6503252CAE4ADF89C57D55 /* Montserrat-ExtraLight.ttf */; };
		58FBF311EC844EDBA963117F /* Montserrat-ExtraLightItalic.ttf in Resources */ = {isa = PBXBuildFile; fileRef = 7FD0F931062C435FA9701306 /* Montserrat-ExtraLightItalic.ttf */; };
		73C7CD395E6B44FC9802B027 /* Montserrat-Italic.ttf in Resources */ = {isa = PBXBuildFile; fileRef = 494F553824C449149A05AE39 /* Montserrat-Italic.ttf */; };
		1B0E4C1A3A4D4EC5A6C74290 /* Montserrat-Light.ttf in Resources */ = {isa = PBXBuildFile; fileRef = 1002301DC4714EF1ADB9AD3C /* Montserrat-Light.ttf */; };
		34C6787145FB459E90EE602D /* Montserrat-LightItalic.ttf in Resources */ = {isa = PBXBuildFile; fileRef = D7A48EC9BAB14FC1A673DC64 /* Montserrat-LightItalic.ttf */; };
		C1ADECC8DA8F4F9BB7F4EEE0 /* Montserrat-Medium.ttf in Resources */ = {isa = PBXBuildFile; fileRef = FC27983507284F3B9843F2D8 /* Montserrat-Medium.ttf */; };
		0FB4CE3C6C0C45CEBCF0F0F1 /* Montserrat-MediumItalic.ttf in Resources */ = {isa = PBXBuildFile; fileRef = CF1CC92958CB4F7990D03955 /* Montserrat-MediumItalic.ttf */; };
		0CAF595610AC422480F4C3AF /* Montserrat-Regular.ttf in Resources */ = {isa = PBXBuildFile; fileRef = 7D5B8A21AF074161A463336A /* Montserrat-Regular.ttf */; };
		3F06DF5D477144E38AFD0531 /* Montserrat-SemiBold.ttf in Resources */ = {isa = PBXBuildFile; fileRef = E78ACD35FC0944F086D277D6 /* Montserrat-SemiBold.ttf */; };
		8B6771C7F2414B119D300D78 /* Montserrat-SemiBoldItalic.ttf in Resources */ = {isa = PBXBuildFile; fileRef = 4D1709CBBF74442B8913FB65 /* Montserrat-SemiBoldItalic.ttf */; };
		390DF2D14540489F9E245127 /* Montserrat-Thin.ttf in Resources */ = {isa = PBXBuildFile; fileRef = BA119B0A4F5D4FE88D6CAC71 /* Montserrat-Thin.ttf */; };
		6420F8E37BD74213AF1422FE /* Montserrat-ThinItalic.ttf in Resources */ = {isa = PBXBuildFile; fileRef = B396478F0B1B44479EDE6652 /* Montserrat-ThinItalic.ttf */; };
		6CD52C121FA344279FD16B92 /* Montserrat-Black.ttf in Resources */ = {isa = PBXBuildFile; fileRef = F4BAEB2631904F4785582098 /* Montserrat-Black.ttf */; };
		CB3BB37DC3284C4E8347F9A6 /* Montserrat-BlackItalic.ttf in Resources */ = {isa = PBXBuildFile; fileRef = 3D583561330A4D2B8D5E9490 /* Montserrat-BlackItalic.ttf */; };
		A596BFF8F05745849217ED98 /* Montserrat-Bold.ttf in Resources */ = {isa = PBXBuildFile; fileRef = 1FFE31130DEB41E2A4F4C3D8 /* Montserrat-Bold.ttf */; };
		033B8E02E1FB48E9ADAF1449 /* Montserrat-BoldItalic.ttf in Resources */ = {isa = PBXBuildFile; fileRef = 52E362D6CBFE4C9787519B93 /* Montserrat-BoldItalic.ttf */; };
		C6245C8B826541C8B6F846CD /* Montserrat-ExtraBold.ttf in Resources */ = {isa = PBXBuildFile; fileRef = 1D68941070CE47F88A00391F /* Montserrat-ExtraBold.ttf */; };
		A2A133AACB49447BB4DFF089 /* Montserrat-ExtraBoldItalic.ttf in Resources */ = {isa = PBXBuildFile; fileRef = 2ACA51CC29A7441BA3B5C973 /* Montserrat-ExtraBoldItalic.ttf */; };
		08D84CC0C9494C7EAC30904E /* Montserrat-ExtraLight.ttf in Resources */ = {isa = PBXBuildFile; fileRef = 9ACF2BEFC3F845EA98E76599 /* Montserrat-ExtraLight.ttf */; };
		24246A6611E9422E8EFB5494 /* Montserrat-ExtraLightItalic.ttf in Resources */ = {isa = PBXBuildFile; fileRef = F0CD0675213D4CE59AC8B6D8 /* Montserrat-ExtraLightItalic.ttf */; };
		108B32B791294DB5A2F69A3D /* Montserrat-Italic.ttf in Resources */ = {isa = PBXBuildFile; fileRef = 2BC0AA8E38794369AB6F4204 /* Montserrat-Italic.ttf */; };
		2A4FD9536E0344D7BAEA0432 /* Montserrat-Light.ttf in Resources */ = {isa = PBXBuildFile; fileRef = E8CB6A4480BF4C0A90113FCF /* Montserrat-Light.ttf */; };
		B08B476D12E34E7282023322 /* Montserrat-LightItalic.ttf in Resources */ = {isa = PBXBuildFile; fileRef = F8FB14A2976A4023ACA58180 /* Montserrat-LightItalic.ttf */; };
		3842C1D102034234AB362C91 /* Montserrat-Medium.ttf in Resources */ = {isa = PBXBuildFile; fileRef = F53F0217DBAB4483AA6FA570 /* Montserrat-Medium.ttf */; };
		B46FA5A06741410E8BD59D54 /* Montserrat-MediumItalic.ttf in Resources */ = {isa = PBXBuildFile; fileRef = C30DC64AA7594923808AFE93 /* Montserrat-MediumItalic.ttf */; };
		CDAB8271315E461B8BB41342 /* Montserrat-Regular.ttf in Resources */ = {isa = PBXBuildFile; fileRef = 9C382C3992B541D78F07D72B /* Montserrat-Regular.ttf */; };
		9F63AA6CC4134E97B92A5AA3 /* Montserrat-SemiBold.ttf in Resources */ = {isa = PBXBuildFile; fileRef = 7B08E2CB83EB437696A1EA3E /* Montserrat-SemiBold.ttf */; };
		4A4681CD840A4EF397D01BEB /* Montserrat-SemiBoldItalic.ttf in Resources */ = {isa = PBXBuildFile; fileRef = BE1F32B7E730462CA23E2197 /* Montserrat-SemiBoldItalic.ttf */; };
		3618F07B914541058EB2B9D2 /* Montserrat-Thin.ttf in Resources */ = {isa = PBXBuildFile; fileRef = 97E85AAF52854858913ECB1E /* Montserrat-Thin.ttf */; };
		C0FE306952E14CE88B1B38DE /* Montserrat-ThinItalic.ttf in Resources */ = {isa = PBXBuildFile; fileRef = 6FDC7216DA8F45ABAFB83D0A /* Montserrat-ThinItalic.ttf */; };
		B6D48DF3E1FA4A61A8D6A2E5 /* Montserrat-Black.ttf in Resources */ = {isa = PBXBuildFile; fileRef = 35AE6223DAB14710AE8C1578 /* Montserrat-Black.ttf */; };
		1F879FDED57240568F87C50A /* Montserrat-BlackItalic.ttf in Resources */ = {isa = PBXBuildFile; fileRef = B54D36369A564928ABD4BC0C /* Montserrat-BlackItalic.ttf */; };
		AFEC87E4F5F24EB78A9A1BFD /* Montserrat-Bold.ttf in Resources */ = {isa = PBXBuildFile; fileRef = 208FBB15A88C4A48B66478B5 /* Montserrat-Bold.ttf */; };
		EBC3B0CC897B4CBDA67A9E3C /* Montserrat-BoldItalic.ttf in Resources */ = {isa = PBXBuildFile; fileRef = 4F3645C6AF1E45989A3E3F30 /* Montserrat-BoldItalic.ttf */; };
		16A5CCF4945B40769AC87CDB /* Montserrat-ExtraBold.ttf in Resources */ = {isa = PBXBuildFile; fileRef = 60EA682F5EC84474AEA7BE73 /* Montserrat-ExtraBold.ttf */; };
		78C41F6E080B44979D9D17C0 /* Montserrat-ExtraBoldItalic.ttf in Resources */ = {isa = PBXBuildFile; fileRef = AD06C737B5C44B938846C639 /* Montserrat-ExtraBoldItalic.ttf */; };
		CBB88BCF898F4AAFA31C5C10 /* Montserrat-ExtraLight.ttf in Resources */ = {isa = PBXBuildFile; fileRef = FB1D5E0397614267860DDB3C /* Montserrat-ExtraLight.ttf */; };
		BA18351FDE7C439B9DA39550 /* Montserrat-ExtraLightItalic.ttf in Resources */ = {isa = PBXBuildFile; fileRef = 57B33793254A4CFE8FCA1B98 /* Montserrat-ExtraLightItalic.ttf */; };
		4302A0CBB0074BB0955531D8 /* Montserrat-Italic.ttf in Resources */ = {isa = PBXBuildFile; fileRef = 034C34AAEBDD4FA58E6BDE61 /* Montserrat-Italic.ttf */; };
		B6405D81C6BC4E2A8173F9A5 /* Montserrat-Light.ttf in Resources */ = {isa = PBXBuildFile; fileRef = 097E7515554A4F829660C25A /* Montserrat-Light.ttf */; };
		C8612819FD6F45B9B0E4F048 /* Montserrat-LightItalic.ttf in Resources */ = {isa = PBXBuildFile; fileRef = 975D081C5D8E435BA0F76E4B /* Montserrat-LightItalic.ttf */; };
		E04933328D77462E9B30CBD3 /* Montserrat-Medium.ttf in Resources */ = {isa = PBXBuildFile; fileRef = 0F06B0610B804C789CA90451 /* Montserrat-Medium.ttf */; };
		32995D10FD1D4193B88BDBC6 /* Montserrat-MediumItalic.ttf in Resources */ = {isa = PBXBuildFile; fileRef = 19E5EC7BE3DE4FF48E2CB063 /* Montserrat-MediumItalic.ttf */; };
		9C368841A40B45F08E385F85 /* Montserrat-Regular.ttf in Resources */ = {isa = PBXBuildFile; fileRef = 5B6CA019008B4BC7BE77CE0F /* Montserrat-Regular.ttf */; };
		AD5EC779AB25478A8D308D50 /* Montserrat-SemiBold.ttf in Resources */ = {isa = PBXBuildFile; fileRef = 639C068FD45742DEA4EFFF3B /* Montserrat-SemiBold.ttf */; };
		C61DC33D0152473B864455F1 /* Montserrat-SemiBoldItalic.ttf in Resources */ = {isa = PBXBuildFile; fileRef = 7500E4BE4172423687138101 /* Montserrat-SemiBoldItalic.ttf */; };
		278E06D31B964FADA2446CBF /* Montserrat-Thin.ttf in Resources */ = {isa = PBXBuildFile; fileRef = 8FC72F6E36CE4B688717BE80 /* Montserrat-Thin.ttf */; };
		6CAA158C225D4B92BC96BD65 /* Montserrat-ThinItalic.ttf in Resources */ = {isa = PBXBuildFile; fileRef = CCB387E70B09491CB573AFB9 /* Montserrat-ThinItalic.ttf */; };
/* End PBXBuildFile section */

/* Begin PBXContainerItemProxy section */
		00E356F41AD99517003FC87E /* PBXContainerItemProxy */ = {
			isa = PBXContainerItemProxy;
			containerPortal = 83CBB9F71A601CBA00E9B192 /* Project object */;
			proxyType = 1;
			remoteGlobalIDString = 13B07F861A680F5B00A75B9A;
			remoteInfo = Health_Care;
		};
/* End PBXContainerItemProxy section */

/* Begin PBXFileReference section */
		00E356EE1AD99517003FC87E /* Health_CareTests.xctest */ = {isa = PBXFileReference; explicitFileType = wrapper.cfbundle; includeInIndex = 0; path = Health_CareTests.xctest; sourceTree = BUILT_PRODUCTS_DIR; };
		00E356F11AD99517003FC87E /* Info.plist */ = {isa = PBXFileReference; lastKnownFileType = text.plist.xml; path = Info.plist; sourceTree = "<group>"; };
		00E356F21AD99517003FC87E /* Health_CareTests.m */ = {isa = PBXFileReference; lastKnownFileType = sourcecode.c.objc; path = Health_CareTests.m; sourceTree = "<group>"; };
		13B07F961A680F5B00A75B9A /* Health_Care.app */ = {isa = PBXFileReference; explicitFileType = wrapper.application; includeInIndex = 0; path = Health_Care.app; sourceTree = BUILT_PRODUCTS_DIR; };
		13B07FAF1A68108700A75B9A /* AppDelegate.h */ = {isa = PBXFileReference; fileEncoding = 4; lastKnownFileType = sourcecode.c.h; name = AppDelegate.h; path = Health_Care/AppDelegate.h; sourceTree = "<group>"; };
		13B07FB01A68108700A75B9A /* AppDelegate.m */ = {isa = PBXFileReference; fileEncoding = 4; lastKnownFileType = sourcecode.c.objc; name = AppDelegate.m; path = Health_Care/AppDelegate.m; sourceTree = "<group>"; };
		13B07FB51A68108700A75B9A /* Images.xcassets */ = {isa = PBXFileReference; lastKnownFileType = folder.assetcatalog; name = Images.xcassets; path = Health_Care/Images.xcassets; sourceTree = "<group>"; };
		13B07FB61A68108700A75B9A /* Info.plist */ = {isa = PBXFileReference; fileEncoding = 4; lastKnownFileType = text.plist.xml; name = Info.plist; path = Health_Care/Info.plist; sourceTree = "<group>"; };
		13B07FB71A68108700A75B9A /* main.m */ = {isa = PBXFileReference; fileEncoding = 4; lastKnownFileType = sourcecode.c.objc; name = main.m; path = Health_Care/main.m; sourceTree = "<group>"; };
		81AB9BB72411601600AC10FF /* LaunchScreen.storyboard */ = {isa = PBXFileReference; fileEncoding = 4; lastKnownFileType = file.storyboard; name = LaunchScreen.storyboard; path = Health_Care/LaunchScreen.storyboard; sourceTree = "<group>"; };
		ED297162215061F000B7C4FE /* JavaScriptCore.framework */ = {isa = PBXFileReference; lastKnownFileType = wrapper.framework; name = JavaScriptCore.framework; path = System/Library/Frameworks/JavaScriptCore.framework; sourceTree = SDKROOT; };
		93704D969E434D4AAE2E2F99 /* Montserrat-Black.ttf */ = {isa = PBXFileReference; name = "Montserrat-Black.ttf"; path = "../android/app/src/main/assets/fonts/Montserrat-Black.ttf"; sourceTree = "<group>"; fileEncoding = undefined; lastKnownFileType = unknown; explicitFileType = undefined; includeInIndex = 0; };
		84FF16DBC198410DB57D653E /* Montserrat-BlackItalic.ttf */ = {isa = PBXFileReference; name = "Montserrat-BlackItalic.ttf"; path = "../android/app/src/main/assets/fonts/Montserrat-BlackItalic.ttf"; sourceTree = "<group>"; fileEncoding = undefined; lastKnownFileType = unknown; explicitFileType = undefined; includeInIndex = 0; };
		2552B76B39F84D709259381A /* Montserrat-Bold.ttf */ = {isa = PBXFileReference; name = "Montserrat-Bold.ttf"; path = "../android/app/src/main/assets/fonts/Montserrat-Bold.ttf"; sourceTree = "<group>"; fileEncoding = undefined; lastKnownFileType = unknown; explicitFileType = undefined; includeInIndex = 0; };
		2BFF433634194353BC1C4D7A /* Montserrat-BoldItalic.ttf */ = {isa = PBXFileReference; name = "Montserrat-BoldItalic.ttf"; path = "../android/app/src/main/assets/fonts/Montserrat-BoldItalic.ttf"; sourceTree = "<group>"; fileEncoding = undefined; lastKnownFileType = unknown; explicitFileType = undefined; includeInIndex = 0; };
		B1D5B76260F4410AA7E88780 /* Montserrat-ExtraBold.ttf */ = {isa = PBXFileReference; name = "Montserrat-ExtraBold.ttf"; path = "../android/app/src/main/assets/fonts/Montserrat-ExtraBold.ttf"; sourceTree = "<group>"; fileEncoding = undefined; lastKnownFileType = unknown; explicitFileType = undefined; includeInIndex = 0; };
		02E360F4BF334FCFB9D62529 /* Montserrat-ExtraBoldItalic.ttf */ = {isa = PBXFileReference; name = "Montserrat-ExtraBoldItalic.ttf"; path = "../android/app/src/main/assets/fonts/Montserrat-ExtraBoldItalic.ttf"; sourceTree = "<group>"; fileEncoding = undefined; lastKnownFileType = unknown; explicitFileType = undefined; includeInIndex = 0; };
		BC6503252CAE4ADF89C57D55 /* Montserrat-ExtraLight.ttf */ = {isa = PBXFileReference; name = "Montserrat-ExtraLight.ttf"; path = "../android/app/src/main/assets/fonts/Montserrat-ExtraLight.ttf"; sourceTree = "<group>"; fileEncoding = undefined; lastKnownFileType = unknown; explicitFileType = undefined; includeInIndex = 0; };
		7FD0F931062C435FA9701306 /* Montserrat-ExtraLightItalic.ttf */ = {isa = PBXFileReference; name = "Montserrat-ExtraLightItalic.ttf"; path = "../android/app/src/main/assets/fonts/Montserrat-ExtraLightItalic.ttf"; sourceTree = "<group>"; fileEncoding = undefined; lastKnownFileType = unknown; explicitFileType = undefined; includeInIndex = 0; };
		494F553824C449149A05AE39 /* Montserrat-Italic.ttf */ = {isa = PBXFileReference; name = "Montserrat-Italic.ttf"; path = "../android/app/src/main/assets/fonts/Montserrat-Italic.ttf"; sourceTree = "<group>"; fileEncoding = undefined; lastKnownFileType = unknown; explicitFileType = undefined; includeInIndex = 0; };
		1002301DC4714EF1ADB9AD3C /* Montserrat-Light.ttf */ = {isa = PBXFileReference; name = "Montserrat-Light.ttf"; path = "../android/app/src/main/assets/fonts/Montserrat-Light.ttf"; sourceTree = "<group>"; fileEncoding = undefined; lastKnownFileType = unknown; explicitFileType = undefined; includeInIndex = 0; };
		D7A48EC9BAB14FC1A673DC64 /* Montserrat-LightItalic.ttf */ = {isa = PBXFileReference; name = "Montserrat-LightItalic.ttf"; path = "../android/app/src/main/assets/fonts/Montserrat-LightItalic.ttf"; sourceTree = "<group>"; fileEncoding = undefined; lastKnownFileType = unknown; explicitFileType = undefined; includeInIndex = 0; };
		FC27983507284F3B9843F2D8 /* Montserrat-Medium.ttf */ = {isa = PBXFileReference; name = "Montserrat-Medium.ttf"; path = "../android/app/src/main/assets/fonts/Montserrat-Medium.ttf"; sourceTree = "<group>"; fileEncoding = undefined; lastKnownFileType = unknown; explicitFileType = undefined; includeInIndex = 0; };
		CF1CC92958CB4F7990D03955 /* Montserrat-MediumItalic.ttf */ = {isa = PBXFileReference; name = "Montserrat-MediumItalic.ttf"; path = "../android/app/src/main/assets/fonts/Montserrat-MediumItalic.ttf"; sourceTree = "<group>"; fileEncoding = undefined; lastKnownFileType = unknown; explicitFileType = undefined; includeInIndex = 0; };
		7D5B8A21AF074161A463336A /* Montserrat-Regular.ttf */ = {isa = PBXFileReference; name = "Montserrat-Regular.ttf"; path = "../android/app/src/main/assets/fonts/Montserrat-Regular.ttf"; sourceTree = "<group>"; fileEncoding = undefined; lastKnownFileType = unknown; explicitFileType = undefined; includeInIndex = 0; };
		E78ACD35FC0944F086D277D6 /* Montserrat-SemiBold.ttf */ = {isa = PBXFileReference; name = "Montserrat-SemiBold.ttf"; path = "../android/app/src/main/assets/fonts/Montserrat-SemiBold.ttf"; sourceTree = "<group>"; fileEncoding = undefined; lastKnownFileType = unknown; explicitFileType = undefined; includeInIndex = 0; };
		4D1709CBBF74442B8913FB65 /* Montserrat-SemiBoldItalic.ttf */ = {isa = PBXFileReference; name = "Montserrat-SemiBoldItalic.ttf"; path = "../android/app/src/main/assets/fonts/Montserrat-SemiBoldItalic.ttf"; sourceTree = "<group>"; fileEncoding = undefined; lastKnownFileType = unknown; explicitFileType = undefined; includeInIndex = 0; };
		BA119B0A4F5D4FE88D6CAC71 /* Montserrat-Thin.ttf */ = {isa = PBXFileReference; name = "Montserrat-Thin.ttf"; path = "../android/app/src/main/assets/fonts/Montserrat-Thin.ttf"; sourceTree = "<group>"; fileEncoding = undefined; lastKnownFileType = unknown; explicitFileType = undefined; includeInIndex = 0; };
		B396478F0B1B44479EDE6652 /* Montserrat-ThinItalic.ttf */ = {isa = PBXFileReference; name = "Montserrat-ThinItalic.ttf"; path = "../android/app/src/main/assets/fonts/Montserrat-ThinItalic.ttf"; sourceTree = "<group>"; fileEncoding = undefined; lastKnownFileType = unknown; explicitFileType = undefined; includeInIndex = 0; };
		F4BAEB2631904F4785582098 /* Montserrat-Black.ttf */ = {isa = PBXFileReference; name = "Montserrat-Black.ttf"; path = "../assets/fonts/Monteserrat/Montserrat-Black.ttf"; sourceTree = "<group>"; fileEncoding = undefined; lastKnownFileType = unknown; explicitFileType = undefined; includeInIndex = 0; };
		3D583561330A4D2B8D5E9490 /* Montserrat-BlackItalic.ttf */ = {isa = PBXFileReference; name = "Montserrat-BlackItalic.ttf"; path = "../assets/fonts/Monteserrat/Montserrat-BlackItalic.ttf"; sourceTree = "<group>"; fileEncoding = undefined; lastKnownFileType = unknown; explicitFileType = undefined; includeInIndex = 0; };
		1FFE31130DEB41E2A4F4C3D8 /* Montserrat-Bold.ttf */ = {isa = PBXFileReference; name = "Montserrat-Bold.ttf"; path = "../assets/fonts/Monteserrat/Montserrat-Bold.ttf"; sourceTree = "<group>"; fileEncoding = undefined; lastKnownFileType = unknown; explicitFileType = undefined; includeInIndex = 0; };
		52E362D6CBFE4C9787519B93 /* Montserrat-BoldItalic.ttf */ = {isa = PBXFileReference; name = "Montserrat-BoldItalic.ttf"; path = "../assets/fonts/Monteserrat/Montserrat-BoldItalic.ttf"; sourceTree = "<group>"; fileEncoding = undefined; lastKnownFileType = unknown; explicitFileType = undefined; includeInIndex = 0; };
		1D68941070CE47F88A00391F /* Montserrat-ExtraBold.ttf */ = {isa = PBXFileReference; name = "Montserrat-ExtraBold.ttf"; path = "../assets/fonts/Monteserrat/Montserrat-ExtraBold.ttf"; sourceTree = "<group>"; fileEncoding = undefined; lastKnownFileType = unknown; explicitFileType = undefined; includeInIndex = 0; };
		2ACA51CC29A7441BA3B5C973 /* Montserrat-ExtraBoldItalic.ttf */ = {isa = PBXFileReference; name = "Montserrat-ExtraBoldItalic.ttf"; path = "../assets/fonts/Monteserrat/Montserrat-ExtraBoldItalic.ttf"; sourceTree = "<group>"; fileEncoding = undefined; lastKnownFileType = unknown; explicitFileType = undefined; includeInIndex = 0; };
		9ACF2BEFC3F845EA98E76599 /* Montserrat-ExtraLight.ttf */ = {isa = PBXFileReference; name = "Montserrat-ExtraLight.ttf"; path = "../assets/fonts/Monteserrat/Montserrat-ExtraLight.ttf"; sourceTree = "<group>"; fileEncoding = undefined; lastKnownFileType = unknown; explicitFileType = undefined; includeInIndex = 0; };
		F0CD0675213D4CE59AC8B6D8 /* Montserrat-ExtraLightItalic.ttf */ = {isa = PBXFileReference; name = "Montserrat-ExtraLightItalic.ttf"; path = "../assets/fonts/Monteserrat/Montserrat-ExtraLightItalic.ttf"; sourceTree = "<group>"; fileEncoding = undefined; lastKnownFileType = unknown; explicitFileType = undefined; includeInIndex = 0; };
		2BC0AA8E38794369AB6F4204 /* Montserrat-Italic.ttf */ = {isa = PBXFileReference; name = "Montserrat-Italic.ttf"; path = "../assets/fonts/Monteserrat/Montserrat-Italic.ttf"; sourceTree = "<group>"; fileEncoding = undefined; lastKnownFileType = unknown; explicitFileType = undefined; includeInIndex = 0; };
		E8CB6A4480BF4C0A90113FCF /* Montserrat-Light.ttf */ = {isa = PBXFileReference; name = "Montserrat-Light.ttf"; path = "../assets/fonts/Monteserrat/Montserrat-Light.ttf"; sourceTree = "<group>"; fileEncoding = undefined; lastKnownFileType = unknown; explicitFileType = undefined; includeInIndex = 0; };
		F8FB14A2976A4023ACA58180 /* Montserrat-LightItalic.ttf */ = {isa = PBXFileReference; name = "Montserrat-LightItalic.ttf"; path = "../assets/fonts/Monteserrat/Montserrat-LightItalic.ttf"; sourceTree = "<group>"; fileEncoding = undefined; lastKnownFileType = unknown; explicitFileType = undefined; includeInIndex = 0; };
		F53F0217DBAB4483AA6FA570 /* Montserrat-Medium.ttf */ = {isa = PBXFileReference; name = "Montserrat-Medium.ttf"; path = "../assets/fonts/Monteserrat/Montserrat-Medium.ttf"; sourceTree = "<group>"; fileEncoding = undefined; lastKnownFileType = unknown; explicitFileType = undefined; includeInIndex = 0; };
		C30DC64AA7594923808AFE93 /* Montserrat-MediumItalic.ttf */ = {isa = PBXFileReference; name = "Montserrat-MediumItalic.ttf"; path = "../assets/fonts/Monteserrat/Montserrat-MediumItalic.ttf"; sourceTree = "<group>"; fileEncoding = undefined; lastKnownFileType = unknown; explicitFileType = undefined; includeInIndex = 0; };
		9C382C3992B541D78F07D72B /* Montserrat-Regular.ttf */ = {isa = PBXFileReference; name = "Montserrat-Regular.ttf"; path = "../assets/fonts/Monteserrat/Montserrat-Regular.ttf"; sourceTree = "<group>"; fileEncoding = undefined; lastKnownFileType = unknown; explicitFileType = undefined; includeInIndex = 0; };
		7B08E2CB83EB437696A1EA3E /* Montserrat-SemiBold.ttf */ = {isa = PBXFileReference; name = "Montserrat-SemiBold.ttf"; path = "../assets/fonts/Monteserrat/Montserrat-SemiBold.ttf"; sourceTree = "<group>"; fileEncoding = undefined; lastKnownFileType = unknown; explicitFileType = undefined; includeInIndex = 0; };
		BE1F32B7E730462CA23E2197 /* Montserrat-SemiBoldItalic.ttf */ = {isa = PBXFileReference; name = "Montserrat-SemiBoldItalic.ttf"; path = "../assets/fonts/Monteserrat/Montserrat-SemiBoldItalic.ttf"; sourceTree = "<group>"; fileEncoding = undefined; lastKnownFileType = unknown; explicitFileType = undefined; includeInIndex = 0; };
		97E85AAF52854858913ECB1E /* Montserrat-Thin.ttf */ = {isa = PBXFileReference; name = "Montserrat-Thin.ttf"; path = "../assets/fonts/Monteserrat/Montserrat-Thin.ttf"; sourceTree = "<group>"; fileEncoding = undefined; lastKnownFileType = unknown; explicitFileType = undefined; includeInIndex = 0; };
		6FDC7216DA8F45ABAFB83D0A /* Montserrat-ThinItalic.ttf */ = {isa = PBXFileReference; name = "Montserrat-ThinItalic.ttf"; path = "../assets/fonts/Monteserrat/Montserrat-ThinItalic.ttf"; sourceTree = "<group>"; fileEncoding = undefined; lastKnownFileType = unknown; explicitFileType = undefined; includeInIndex = 0; };
		35AE6223DAB14710AE8C1578 /* Montserrat-Black.ttf */ = {isa = PBXFileReference; name = "Montserrat-Black.ttf"; path = "../assets/fonts/Montserrat/Montserrat-Black.ttf"; sourceTree = "<group>"; fileEncoding = undefined; lastKnownFileType = unknown; explicitFileType = undefined; includeInIndex = 0; };
		B54D36369A564928ABD4BC0C /* Montserrat-BlackItalic.ttf */ = {isa = PBXFileReference; name = "Montserrat-BlackItalic.ttf"; path = "../assets/fonts/Montserrat/Montserrat-BlackItalic.ttf"; sourceTree = "<group>"; fileEncoding = undefined; lastKnownFileType = unknown; explicitFileType = undefined; includeInIndex = 0; };
		208FBB15A88C4A48B66478B5 /* Montserrat-Bold.ttf */ = {isa = PBXFileReference; name = "Montserrat-Bold.ttf"; path = "../assets/fonts/Montserrat/Montserrat-Bold.ttf"; sourceTree = "<group>"; fileEncoding = undefined; lastKnownFileType = unknown; explicitFileType = undefined; includeInIndex = 0; };
		4F3645C6AF1E45989A3E3F30 /* Montserrat-BoldItalic.ttf */ = {isa = PBXFileReference; name = "Montserrat-BoldItalic.ttf"; path = "../assets/fonts/Montserrat/Montserrat-BoldItalic.ttf"; sourceTree = "<group>"; fileEncoding = undefined; lastKnownFileType = unknown; explicitFileType = undefined; includeInIndex = 0; };
		60EA682F5EC84474AEA7BE73 /* Montserrat-ExtraBold.ttf */ = {isa = PBXFileReference; name = "Montserrat-ExtraBold.ttf"; path = "../assets/fonts/Montserrat/Montserrat-ExtraBold.ttf"; sourceTree = "<group>"; fileEncoding = undefined; lastKnownFileType = unknown; explicitFileType = undefined; includeInIndex = 0; };
		AD06C737B5C44B938846C639 /* Montserrat-ExtraBoldItalic.ttf */ = {isa = PBXFileReference; name = "Montserrat-ExtraBoldItalic.ttf"; path = "../assets/fonts/Montserrat/Montserrat-ExtraBoldItalic.ttf"; sourceTree = "<group>"; fileEncoding = undefined; lastKnownFileType = unknown; explicitFileType = undefined; includeInIndex = 0; };
		FB1D5E0397614267860DDB3C /* Montserrat-ExtraLight.ttf */ = {isa = PBXFileReference; name = "Montserrat-ExtraLight.ttf"; path = "../assets/fonts/Montserrat/Montserrat-ExtraLight.ttf"; sourceTree = "<group>"; fileEncoding = undefined; lastKnownFileType = unknown; explicitFileType = undefined; includeInIndex = 0; };
		57B33793254A4CFE8FCA1B98 /* Montserrat-ExtraLightItalic.ttf */ = {isa = PBXFileReference; name = "Montserrat-ExtraLightItalic.ttf"; path = "../assets/fonts/Montserrat/Montserrat-ExtraLightItalic.ttf"; sourceTree = "<group>"; fileEncoding = undefined; lastKnownFileType = unknown; explicitFileType = undefined; includeInIndex = 0; };
		034C34AAEBDD4FA58E6BDE61 /* Montserrat-Italic.ttf */ = {isa = PBXFileReference; name = "Montserrat-Italic.ttf"; path = "../assets/fonts/Montserrat/Montserrat-Italic.ttf"; sourceTree = "<group>"; fileEncoding = undefined; lastKnownFileType = unknown; explicitFileType = undefined; includeInIndex = 0; };
		097E7515554A4F829660C25A /* Montserrat-Light.ttf */ = {isa = PBXFileReference; name = "Montserrat-Light.ttf"; path = "../assets/fonts/Montserrat/Montserrat-Light.ttf"; sourceTree = "<group>"; fileEncoding = undefined; lastKnownFileType = unknown; explicitFileType = undefined; includeInIndex = 0; };
		975D081C5D8E435BA0F76E4B /* Montserrat-LightItalic.ttf */ = {isa = PBXFileReference; name = "Montserrat-LightItalic.ttf"; path = "../assets/fonts/Montserrat/Montserrat-LightItalic.ttf"; sourceTree = "<group>"; fileEncoding = undefined; lastKnownFileType = unknown; explicitFileType = undefined; includeInIndex = 0; };
		0F06B0610B804C789CA90451 /* Montserrat-Medium.ttf */ = {isa = PBXFileReference; name = "Montserrat-Medium.ttf"; path = "../assets/fonts/Montserrat/Montserrat-Medium.ttf"; sourceTree = "<group>"; fileEncoding = undefined; lastKnownFileType = unknown; explicitFileType = undefined; includeInIndex = 0; };
		19E5EC7BE3DE4FF48E2CB063 /* Montserrat-MediumItalic.ttf */ = {isa = PBXFileReference; name = "Montserrat-MediumItalic.ttf"; path = "../assets/fonts/Montserrat/Montserrat-MediumItalic.ttf"; sourceTree = "<group>"; fileEncoding = undefined; lastKnownFileType = unknown; explicitFileType = undefined; includeInIndex = 0; };
		5B6CA019008B4BC7BE77CE0F /* Montserrat-Regular.ttf */ = {isa = PBXFileReference; name = "Montserrat-Regular.ttf"; path = "../assets/fonts/Montserrat/Montserrat-Regular.ttf"; sourceTree = "<group>"; fileEncoding = undefined; lastKnownFileType = unknown; explicitFileType = undefined; includeInIndex = 0; };
		639C068FD45742DEA4EFFF3B /* Montserrat-SemiBold.ttf */ = {isa = PBXFileReference; name = "Montserrat-SemiBold.ttf"; path = "../assets/fonts/Montserrat/Montserrat-SemiBold.ttf"; sourceTree = "<group>"; fileEncoding = undefined; lastKnownFileType = unknown; explicitFileType = undefined; includeInIndex = 0; };
		7500E4BE4172423687138101 /* Montserrat-SemiBoldItalic.ttf */ = {isa = PBXFileReference; name = "Montserrat-SemiBoldItalic.ttf"; path = "../assets/fonts/Montserrat/Montserrat-SemiBoldItalic.ttf"; sourceTree = "<group>"; fileEncoding = undefined; lastKnownFileType = unknown; explicitFileType = undefined; includeInIndex = 0; };
		8FC72F6E36CE4B688717BE80 /* Montserrat-Thin.ttf */ = {isa = PBXFileReference; name = "Montserrat-Thin.ttf"; path = "../assets/fonts/Montserrat/Montserrat-Thin.ttf"; sourceTree = "<group>"; fileEncoding = undefined; lastKnownFileType = unknown; explicitFileType = undefined; includeInIndex = 0; };
		CCB387E70B09491CB573AFB9 /* Montserrat-ThinItalic.ttf */ = {isa = PBXFileReference; name = "Montserrat-ThinItalic.ttf"; path = "../assets/fonts/Montserrat/Montserrat-ThinItalic.ttf"; sourceTree = "<group>"; fileEncoding = undefined; lastKnownFileType = unknown; explicitFileType = undefined; includeInIndex = 0; };
/* End PBXFileReference section */

/* Begin PBXFrameworksBuildPhase section */
		00E356EB1AD99517003FC87E /* Frameworks */ = {
			isa = PBXFrameworksBuildPhase;
			buildActionMask = 2147483647;
			files = (
			);
			runOnlyForDeploymentPostprocessing = 0;
		};
		13B07F8C1A680F5B00A75B9A /* Frameworks */ = {
			isa = PBXFrameworksBuildPhase;
			buildActionMask = 2147483647;
			files = (
			);
			runOnlyForDeploymentPostprocessing = 0;
		};
/* End PBXFrameworksBuildPhase section */

/* Begin PBXGroup section */
		00E356EF1AD99517003FC87E /* Health_CareTests */ = {
			isa = PBXGroup;
			children = (
				00E356F21AD99517003FC87E /* Health_CareTests.m */,
				00E356F01AD99517003FC87E /* Supporting Files */,
			);
			path = Health_CareTests;
			sourceTree = "<group>";
		};
		00E356F01AD99517003FC87E /* Supporting Files */ = {
			isa = PBXGroup;
			children = (
				00E356F11AD99517003FC87E /* Info.plist */,
			);
			name = "Supporting Files";
			sourceTree = "<group>";
		};
		13B07FAE1A68108700A75B9A /* Health_Care */ = {
			isa = PBXGroup;
			children = (
				13B07FAF1A68108700A75B9A /* AppDelegate.h */,
				13B07FB01A68108700A75B9A /* AppDelegate.m */,
				13B07FB51A68108700A75B9A /* Images.xcassets */,
				13B07FB61A68108700A75B9A /* Info.plist */,
				81AB9BB72411601600AC10FF /* LaunchScreen.storyboard */,
				13B07FB71A68108700A75B9A /* main.m */,
			);
			name = Health_Care;
			sourceTree = "<group>";
		};
		2D16E6871FA4F8E400B85C8A /* Frameworks */ = {
			isa = PBXGroup;
			children = (
				ED297162215061F000B7C4FE /* JavaScriptCore.framework */,
			);
			name = Frameworks;
			sourceTree = "<group>";
		};
		832341AE1AAA6A7D00B99B32 /* Libraries */ = {
			isa = PBXGroup;
			children = (
			);
			name = Libraries;
			sourceTree = "<group>";
		};
		83CBB9F61A601CBA00E9B192 = {
			isa = PBXGroup;
			children = (
				13B07FAE1A68108700A75B9A /* Health_Care */,
				832341AE1AAA6A7D00B99B32 /* Libraries */,
				00E356EF1AD99517003FC87E /* Health_CareTests */,
				83CBBA001A601CBA00E9B192 /* Products */,
				2D16E6871FA4F8E400B85C8A /* Frameworks */,
				25A370E844034DAC99E8FB2A /* Resources */,
			);
			indentWidth = 2;
			sourceTree = "<group>";
			tabWidth = 2;
			usesTabs = 0;
		};
		83CBBA001A601CBA00E9B192 /* Products */ = {
			isa = PBXGroup;
			children = (
				13B07F961A680F5B00A75B9A /* Health_Care.app */,
				00E356EE1AD99517003FC87E /* Health_CareTests.xctest */,
			);
			name = Products;
			sourceTree = "<group>";
		};
		25A370E844034DAC99E8FB2A /* Resources */ = {
			isa = "PBXGroup";
			children = (
				93704D969E434D4AAE2E2F99 /* Montserrat-Black.ttf */,
				84FF16DBC198410DB57D653E /* Montserrat-BlackItalic.ttf */,
				2552B76B39F84D709259381A /* Montserrat-Bold.ttf */,
				2BFF433634194353BC1C4D7A /* Montserrat-BoldItalic.ttf */,
				B1D5B76260F4410AA7E88780 /* Montserrat-ExtraBold.ttf */,
				02E360F4BF334FCFB9D62529 /* Montserrat-ExtraBoldItalic.ttf */,
				BC6503252CAE4ADF89C57D55 /* Montserrat-ExtraLight.ttf */,
				7FD0F931062C435FA9701306 /* Montserrat-ExtraLightItalic.ttf */,
				494F553824C449149A05AE39 /* Montserrat-Italic.ttf */,
				1002301DC4714EF1ADB9AD3C /* Montserrat-Light.ttf */,
				D7A48EC9BAB14FC1A673DC64 /* Montserrat-LightItalic.ttf */,
				FC27983507284F3B9843F2D8 /* Montserrat-Medium.ttf */,
				CF1CC92958CB4F7990D03955 /* Montserrat-MediumItalic.ttf */,
				7D5B8A21AF074161A463336A /* Montserrat-Regular.ttf */,
				E78ACD35FC0944F086D277D6 /* Montserrat-SemiBold.ttf */,
				4D1709CBBF74442B8913FB65 /* Montserrat-SemiBoldItalic.ttf */,
				BA119B0A4F5D4FE88D6CAC71 /* Montserrat-Thin.ttf */,
				B396478F0B1B44479EDE6652 /* Montserrat-ThinItalic.ttf */,
				F4BAEB2631904F4785582098 /* Montserrat-Black.ttf */,
				3D583561330A4D2B8D5E9490 /* Montserrat-BlackItalic.ttf */,
				1FFE31130DEB41E2A4F4C3D8 /* Montserrat-Bold.ttf */,
				52E362D6CBFE4C9787519B93 /* Montserrat-BoldItalic.ttf */,
				1D68941070CE47F88A00391F /* Montserrat-ExtraBold.ttf */,
				2ACA51CC29A7441BA3B5C973 /* Montserrat-ExtraBoldItalic.ttf */,
				9ACF2BEFC3F845EA98E76599 /* Montserrat-ExtraLight.ttf */,
				F0CD0675213D4CE59AC8B6D8 /* Montserrat-ExtraLightItalic.ttf */,
				2BC0AA8E38794369AB6F4204 /* Montserrat-Italic.ttf */,
				E8CB6A4480BF4C0A90113FCF /* Montserrat-Light.ttf */,
				F8FB14A2976A4023ACA58180 /* Montserrat-LightItalic.ttf */,
				F53F0217DBAB4483AA6FA570 /* Montserrat-Medium.ttf */,
				C30DC64AA7594923808AFE93 /* Montserrat-MediumItalic.ttf */,
				9C382C3992B541D78F07D72B /* Montserrat-Regular.ttf */,
				7B08E2CB83EB437696A1EA3E /* Montserrat-SemiBold.ttf */,
				BE1F32B7E730462CA23E2197 /* Montserrat-SemiBoldItalic.ttf */,
				97E85AAF52854858913ECB1E /* Montserrat-Thin.ttf */,
				6FDC7216DA8F45ABAFB83D0A /* Montserrat-ThinItalic.ttf */,
				35AE6223DAB14710AE8C1578 /* Montserrat-Black.ttf */,
				B54D36369A564928ABD4BC0C /* Montserrat-BlackItalic.ttf */,
				208FBB15A88C4A48B66478B5 /* Montserrat-Bold.ttf */,
				4F3645C6AF1E45989A3E3F30 /* Montserrat-BoldItalic.ttf */,
				60EA682F5EC84474AEA7BE73 /* Montserrat-ExtraBold.ttf */,
				AD06C737B5C44B938846C639 /* Montserrat-ExtraBoldItalic.ttf */,
				FB1D5E0397614267860DDB3C /* Montserrat-ExtraLight.ttf */,
				57B33793254A4CFE8FCA1B98 /* Montserrat-ExtraLightItalic.ttf */,
				034C34AAEBDD4FA58E6BDE61 /* Montserrat-Italic.ttf */,
				097E7515554A4F829660C25A /* Montserrat-Light.ttf */,
				975D081C5D8E435BA0F76E4B /* Montserrat-LightItalic.ttf */,
				0F06B0610B804C789CA90451 /* Montserrat-Medium.ttf */,
				19E5EC7BE3DE4FF48E2CB063 /* Montserrat-MediumItalic.ttf */,
				5B6CA019008B4BC7BE77CE0F /* Montserrat-Regular.ttf */,
				639C068FD45742DEA4EFFF3B /* Montserrat-SemiBold.ttf */,
				7500E4BE4172423687138101 /* Montserrat-SemiBoldItalic.ttf */,
				8FC72F6E36CE4B688717BE80 /* Montserrat-Thin.ttf */,
				CCB387E70B09491CB573AFB9 /* Montserrat-ThinItalic.ttf */,
			);
			name = Resources;
			sourceTree = "<group>";
			path = "";
		};
/* End PBXGroup section */

/* Begin PBXNativeTarget section */
		00E356ED1AD99517003FC87E /* Health_CareTests */ = {
			isa = PBXNativeTarget;
			buildConfigurationList = 00E357021AD99517003FC87E /* Build configuration list for PBXNativeTarget "Health_CareTests" */;
			buildPhases = (
				00E356EA1AD99517003FC87E /* Sources */,
				00E356EB1AD99517003FC87E /* Frameworks */,
				00E356EC1AD99517003FC87E /* Resources */,
			);
			buildRules = (
			);
			dependencies = (
				00E356F51AD99517003FC87E /* PBXTargetDependency */,
			);
			name = Health_CareTests;
			productName = Health_CareTests;
			productReference = 00E356EE1AD99517003FC87E /* Health_CareTests.xctest */;
			productType = "com.apple.product-type.bundle.unit-test";
		};
		13B07F861A680F5B00A75B9A /* Health_Care */ = {
			isa = PBXNativeTarget;
			buildConfigurationList = 13B07F931A680F5B00A75B9A /* Build configuration list for PBXNativeTarget "Health_Care" */;
			buildPhases = (
				FD10A7F022414F080027D42C /* Start Packager */,
				13B07F871A680F5B00A75B9A /* Sources */,
				13B07F8C1A680F5B00A75B9A /* Frameworks */,
				13B07F8E1A680F5B00A75B9A /* Resources */,
				00DD1BFF1BD5951E006B06BC /* Bundle React Native code and images */,
			);
			buildRules = (
			);
			dependencies = (
			);
			name = Health_Care;
			productName = Health_Care;
			productReference = 13B07F961A680F5B00A75B9A /* Health_Care.app */;
			productType = "com.apple.product-type.application";
		};
/* End PBXNativeTarget section */

/* Begin PBXProject section */
		83CBB9F71A601CBA00E9B192 /* Project object */ = {
			isa = PBXProject;
			attributes = {
				LastUpgradeCheck = 1210;
				TargetAttributes = {
					00E356ED1AD99517003FC87E = {
						CreatedOnToolsVersion = 6.2;
						TestTargetID = 13B07F861A680F5B00A75B9A;
					};
					13B07F861A680F5B00A75B9A = {
						LastSwiftMigration = 1120;
					};
				};
			};
			buildConfigurationList = 83CBB9FA1A601CBA00E9B192 /* Build configuration list for PBXProject "Health_Care" */;
			compatibilityVersion = "Xcode 12.0";
			developmentRegion = en;
			hasScannedForEncodings = 0;
			knownRegions = (
				en,
				Base,
			);
			mainGroup = 83CBB9F61A601CBA00E9B192;
			productRefGroup = 83CBBA001A601CBA00E9B192 /* Products */;
			projectDirPath = "";
			projectRoot = "";
			targets = (
				13B07F861A680F5B00A75B9A /* Health_Care */,
				00E356ED1AD99517003FC87E /* Health_CareTests */,
			);
		};
/* End PBXProject section */

/* Begin PBXResourcesBuildPhase section */
		00E356EC1AD99517003FC87E /* Resources */ = {
			isa = PBXResourcesBuildPhase;
			buildActionMask = 2147483647;
			files = (
			);
			runOnlyForDeploymentPostprocessing = 0;
		};
		13B07F8E1A680F5B00A75B9A /* Resources */ = {
			isa = PBXResourcesBuildPhase;
			buildActionMask = 2147483647;
			files = (
				81AB9BB82411601600AC10FF /* LaunchScreen.storyboard in Resources */,
				13B07FBF1A68108700A75B9A /* Images.xcassets in Resources */,
				51B68AE8D8014485A22C2655 /* Montserrat-Black.ttf in Resources */,
				FB5E5732D69C468295619DF2 /* Montserrat-BlackItalic.ttf in Resources */,
				A1ADC250D5B145AEA04C38AE /* Montserrat-Bold.ttf in Resources */,
				6279191B9844437C8C1B5A95 /* Montserrat-BoldItalic.ttf in Resources */,
				CB029C18DE5D436A9691B68F /* Montserrat-ExtraBold.ttf in Resources */,
				B00EB40391F54D05AEEA1B3F /* Montserrat-ExtraBoldItalic.ttf in Resources */,
				D694BD00BA3A4F1CA2E9A18F /* Montserrat-ExtraLight.ttf in Resources */,
				58FBF311EC844EDBA963117F /* Montserrat-ExtraLightItalic.ttf in Resources */,
				73C7CD395E6B44FC9802B027 /* Montserrat-Italic.ttf in Resources */,
				1B0E4C1A3A4D4EC5A6C74290 /* Montserrat-Light.ttf in Resources */,
				34C6787145FB459E90EE602D /* Montserrat-LightItalic.ttf in Resources */,
				C1ADECC8DA8F4F9BB7F4EEE0 /* Montserrat-Medium.ttf in Resources */,
				0FB4CE3C6C0C45CEBCF0F0F1 /* Montserrat-MediumItalic.ttf in Resources */,
				0CAF595610AC422480F4C3AF /* Montserrat-Regular.ttf in Resources */,
				3F06DF5D477144E38AFD0531 /* Montserrat-SemiBold.ttf in Resources */,
				8B6771C7F2414B119D300D78 /* Montserrat-SemiBoldItalic.ttf in Resources */,
				390DF2D14540489F9E245127 /* Montserrat-Thin.ttf in Resources */,
				6420F8E37BD74213AF1422FE /* Montserrat-ThinItalic.ttf in Resources */,
				6CD52C121FA344279FD16B92 /* Montserrat-Black.ttf in Resources */,
				CB3BB37DC3284C4E8347F9A6 /* Montserrat-BlackItalic.ttf in Resources */,
				A596BFF8F05745849217ED98 /* Montserrat-Bold.ttf in Resources */,
				033B8E02E1FB48E9ADAF1449 /* Montserrat-BoldItalic.ttf in Resources */,
				C6245C8B826541C8B6F846CD /* Montserrat-ExtraBold.ttf in Resources */,
				A2A133AACB49447BB4DFF089 /* Montserrat-ExtraBoldItalic.ttf in Resources */,
				08D84CC0C9494C7EAC30904E /* Montserrat-ExtraLight.ttf in Resources */,
				24246A6611E9422E8EFB5494 /* Montserrat-ExtraLightItalic.ttf in Resources */,
				108B32B791294DB5A2F69A3D /* Montserrat-Italic.ttf in Resources */,
				2A4FD9536E0344D7BAEA0432 /* Montserrat-Light.ttf in Resources */,
				B08B476D12E34E7282023322 /* Montserrat-LightItalic.ttf in Resources */,
				3842C1D102034234AB362C91 /* Montserrat-Medium.ttf in Resources */,
				B46FA5A06741410E8BD59D54 /* Montserrat-MediumItalic.ttf in Resources */,
				CDAB8271315E461B8BB41342 /* Montserrat-Regular.ttf in Resources */,
				9F63AA6CC4134E97B92A5AA3 /* Montserrat-SemiBold.ttf in Resources */,
				4A4681CD840A4EF397D01BEB /* Montserrat-SemiBoldItalic.ttf in Resources */,
				3618F07B914541058EB2B9D2 /* Montserrat-Thin.ttf in Resources */,
				C0FE306952E14CE88B1B38DE /* Montserrat-ThinItalic.ttf in Resources */,
				B6D48DF3E1FA4A61A8D6A2E5 /* Montserrat-Black.ttf in Resources */,
				1F879FDED57240568F87C50A /* Montserrat-BlackItalic.ttf in Resources */,
				AFEC87E4F5F24EB78A9A1BFD /* Montserrat-Bold.ttf in Resources */,
				EBC3B0CC897B4CBDA67A9E3C /* Montserrat-BoldItalic.ttf in Resources */,
				16A5CCF4945B40769AC87CDB /* Montserrat-ExtraBold.ttf in Resources */,
				78C41F6E080B44979D9D17C0 /* Montserrat-ExtraBoldItalic.ttf in Resources */,
				CBB88BCF898F4AAFA31C5C10 /* Montserrat-ExtraLight.ttf in Resources */,
				BA18351FDE7C439B9DA39550 /* Montserrat-ExtraLightItalic.ttf in Resources */,
				4302A0CBB0074BB0955531D8 /* Montserrat-Italic.ttf in Resources */,
				B6405D81C6BC4E2A8173F9A5 /* Montserrat-Light.ttf in Resources */,
				C8612819FD6F45B9B0E4F048 /* Montserrat-LightItalic.ttf in Resources */,
				E04933328D77462E9B30CBD3 /* Montserrat-Medium.ttf in Resources */,
				32995D10FD1D4193B88BDBC6 /* Montserrat-MediumItalic.ttf in Resources */,
				9C368841A40B45F08E385F85 /* Montserrat-Regular.ttf in Resources */,
				AD5EC779AB25478A8D308D50 /* Montserrat-SemiBold.ttf in Resources */,
				C61DC33D0152473B864455F1 /* Montserrat-SemiBoldItalic.ttf in Resources */,
				278E06D31B964FADA2446CBF /* Montserrat-Thin.ttf in Resources */,
				6CAA158C225D4B92BC96BD65 /* Montserrat-ThinItalic.ttf in Resources */,
			);
			runOnlyForDeploymentPostprocessing = 0;
		};
/* End PBXResourcesBuildPhase section */

/* Begin PBXShellScriptBuildPhase section */
		00DD1BFF1BD5951E006B06BC /* Bundle React Native code and images */ = {
			isa = PBXShellScriptBuildPhase;
			buildActionMask = 2147483647;
			files = (
			);
			inputPaths = (
			);
			name = "Bundle React Native code and images";
			outputPaths = (
			);
			runOnlyForDeploymentPostprocessing = 0;
			shellPath = /bin/sh;
			shellScript = "set -e\n\nexport NODE_BINARY=node\n../node_modules/react-native/scripts/react-native-xcode.sh\n";
		};
		FD10A7F022414F080027D42C /* Start Packager */ = {
			isa = PBXShellScriptBuildPhase;
			buildActionMask = 2147483647;
			files = (
			);
			inputFileListPaths = (
			);
			inputPaths = (
			);
			name = "Start Packager";
			outputFileListPaths = (
			);
			outputPaths = (
			);
			runOnlyForDeploymentPostprocessing = 0;
			shellPath = /bin/sh;
			shellScript = "export RCT_METRO_PORT=\"${RCT_METRO_PORT:=8081}\"\necho \"export RCT_METRO_PORT=${RCT_METRO_PORT}\" > \"${SRCROOT}/../node_modules/react-native/scripts/.packager.env\"\nif [ -z \"${RCT_NO_LAUNCH_PACKAGER+xxx}\" ] ; then\n  if nc -w 5 -z localhost ${RCT_METRO_PORT} ; then\n    if ! curl -s \"http://localhost:${RCT_METRO_PORT}/status\" | grep -q \"packager-status:running\" ; then\n      echo \"Port ${RCT_METRO_PORT} already in use, packager is either not running or not running correctly\"\n      exit 2\n    fi\n  else\n    open \"$SRCROOT/../node_modules/react-native/scripts/launchPackager.command\" || echo \"Can't start packager automatically\"\n  fi\nfi\n";
			showEnvVarsInLog = 0;
		};
/* End PBXShellScriptBuildPhase section */

/* Begin PBXSourcesBuildPhase section */
		00E356EA1AD99517003FC87E /* Sources */ = {
			isa = PBXSourcesBuildPhase;
			buildActionMask = 2147483647;
			files = (
				00E356F31AD99517003FC87E /* Health_CareTests.m in Sources */,
			);
			runOnlyForDeploymentPostprocessing = 0;
		};
		13B07F871A680F5B00A75B9A /* Sources */ = {
			isa = PBXSourcesBuildPhase;
			buildActionMask = 2147483647;
			files = (
				13B07FBC1A68108700A75B9A /* AppDelegate.m in Sources */,
				13B07FC11A68108700A75B9A /* main.m in Sources */,
			);
			runOnlyForDeploymentPostprocessing = 0;
		};
/* End PBXSourcesBuildPhase section */

/* Begin PBXTargetDependency section */
		00E356F51AD99517003FC87E /* PBXTargetDependency */ = {
			isa = PBXTargetDependency;
			target = 13B07F861A680F5B00A75B9A /* Health_Care */;
			targetProxy = 00E356F41AD99517003FC87E /* PBXContainerItemProxy */;
		};
/* End PBXTargetDependency section */

/* Begin XCBuildConfiguration section */
		00E356F61AD99517003FC87E /* Debug */ = {
			isa = XCBuildConfiguration;
			buildSettings = {
				BUNDLE_LOADER = "$(TEST_HOST)";
				GCC_PREPROCESSOR_DEFINITIONS = (
					"DEBUG=1",
					"$(inherited)",
				);
				INFOPLIST_FILE = Health_CareTests/Info.plist;
				IPHONEOS_DEPLOYMENT_TARGET = 11.0;
				LD_RUNPATH_SEARCH_PATHS = (
					"$(inherited)",
					"@executable_path/Frameworks",
					"@loader_path/Frameworks",
				);
				OTHER_LDFLAGS = (
					"-ObjC",
					"-lc++",
					"$(inherited)",
				);
				PRODUCT_BUNDLE_IDENTIFIER = "org.reactjs.native.example.$(PRODUCT_NAME:rfc1034identifier)";
				PRODUCT_NAME = "$(TARGET_NAME)";
				TEST_HOST = "$(BUILT_PRODUCTS_DIR)/Health_Care.app/Health_Care";
			};
			name = Debug;
		};
		00E356F71AD99517003FC87E /* Release */ = {
			isa = XCBuildConfiguration;
			buildSettings = {
				BUNDLE_LOADER = "$(TEST_HOST)";
				COPY_PHASE_STRIP = NO;
				INFOPLIST_FILE = Health_CareTests/Info.plist;
				IPHONEOS_DEPLOYMENT_TARGET = 11.0;
				LD_RUNPATH_SEARCH_PATHS = (
					"$(inherited)",
					"@executable_path/Frameworks",
					"@loader_path/Frameworks",
				);
				OTHER_LDFLAGS = (
					"-ObjC",
					"-lc++",
					"$(inherited)",
				);
				PRODUCT_BUNDLE_IDENTIFIER = "org.reactjs.native.example.$(PRODUCT_NAME:rfc1034identifier)";
				PRODUCT_NAME = "$(TARGET_NAME)";
				TEST_HOST = "$(BUILT_PRODUCTS_DIR)/Health_Care.app/Health_Care";
			};
			name = Release;
		};
		13B07F941A680F5B00A75B9A /* Debug */ = {
			isa = XCBuildConfiguration;
			buildSettings = {
				ASSETCATALOG_COMPILER_APPICON_NAME = AppIcon;
				CLANG_ENABLE_MODULES = YES;
				CURRENT_PROJECT_VERSION = 1;
				ENABLE_BITCODE = NO;
				INFOPLIST_FILE = Health_Care/Info.plist;
				LD_RUNPATH_SEARCH_PATHS = (
					"$(inherited)",
					"@executable_path/Frameworks",
				);
				OTHER_LDFLAGS = (
					"$(inherited)",
					"-ObjC",
					"-lc++",
				);
				PRODUCT_BUNDLE_IDENTIFIER = "org.reactjs.native.example.$(PRODUCT_NAME:rfc1034identifier)";
				PRODUCT_NAME = Health_Care;
				SWIFT_OPTIMIZATION_LEVEL = "-Onone";
				SWIFT_VERSION = 5.0;
				VERSIONING_SYSTEM = "apple-generic";
			};
			name = Debug;
		};
		13B07F951A680F5B00A75B9A /* Release */ = {
			isa = XCBuildConfiguration;
			buildSettings = {
				ASSETCATALOG_COMPILER_APPICON_NAME = AppIcon;
				CLANG_ENABLE_MODULES = YES;
				CURRENT_PROJECT_VERSION = 1;
				INFOPLIST_FILE = Health_Care/Info.plist;
				LD_RUNPATH_SEARCH_PATHS = (
					"$(inherited)",
					"@executable_path/Frameworks",
				);
				OTHER_LDFLAGS = (
					"$(inherited)",
					"-ObjC",
					"-lc++",
				);
				PRODUCT_BUNDLE_IDENTIFIER = "org.reactjs.native.example.$(PRODUCT_NAME:rfc1034identifier)";
				PRODUCT_NAME = Health_Care;
				SWIFT_VERSION = 5.0;
				VERSIONING_SYSTEM = "apple-generic";
			};
			name = Release;
		};
		83CBBA201A601CBA00E9B192 /* Debug */ = {
			isa = XCBuildConfiguration;
			buildSettings = {
				ALWAYS_SEARCH_USER_PATHS = NO;
				CLANG_ANALYZER_LOCALIZABILITY_NONLOCALIZED = YES;
				CLANG_CXX_LANGUAGE_STANDARD = "gnu++0x";
				CLANG_CXX_LIBRARY = "libc++";
				CLANG_ENABLE_MODULES = YES;
				CLANG_ENABLE_OBJC_ARC = YES;
				CLANG_WARN_BLOCK_CAPTURE_AUTORELEASING = YES;
				CLANG_WARN_BOOL_CONVERSION = YES;
				CLANG_WARN_COMMA = YES;
				CLANG_WARN_CONSTANT_CONVERSION = YES;
				CLANG_WARN_DEPRECATED_OBJC_IMPLEMENTATIONS = YES;
				CLANG_WARN_DIRECT_OBJC_ISA_USAGE = YES_ERROR;
				CLANG_WARN_EMPTY_BODY = YES;
				CLANG_WARN_ENUM_CONVERSION = YES;
				CLANG_WARN_INFINITE_RECURSION = YES;
				CLANG_WARN_INT_CONVERSION = YES;
				CLANG_WARN_NON_LITERAL_NULL_CONVERSION = YES;
				CLANG_WARN_OBJC_IMPLICIT_RETAIN_SELF = YES;
				CLANG_WARN_OBJC_LITERAL_CONVERSION = YES;
				CLANG_WARN_OBJC_ROOT_CLASS = YES_ERROR;
				CLANG_WARN_QUOTED_INCLUDE_IN_FRAMEWORK_HEADER = YES;
				CLANG_WARN_RANGE_LOOP_ANALYSIS = YES;
				CLANG_WARN_STRICT_PROTOTYPES = YES;
				CLANG_WARN_SUSPICIOUS_MOVE = YES;
				CLANG_WARN_UNREACHABLE_CODE = YES;
				CLANG_WARN__DUPLICATE_METHOD_MATCH = YES;
				"CODE_SIGN_IDENTITY[sdk=iphoneos*]" = "iPhone Developer";
				COPY_PHASE_STRIP = NO;
				ENABLE_STRICT_OBJC_MSGSEND = YES;
				ENABLE_TESTABILITY = YES;
				GCC_C_LANGUAGE_STANDARD = gnu99;
				GCC_DYNAMIC_NO_PIC = NO;
				GCC_NO_COMMON_BLOCKS = YES;
				GCC_OPTIMIZATION_LEVEL = 0;
				GCC_PREPROCESSOR_DEFINITIONS = (
					"DEBUG=1",
					"$(inherited)",
				);
				GCC_SYMBOLS_PRIVATE_EXTERN = NO;
				GCC_WARN_64_TO_32_BIT_CONVERSION = YES;
				GCC_WARN_ABOUT_RETURN_TYPE = YES_ERROR;
				GCC_WARN_UNDECLARED_SELECTOR = YES;
				GCC_WARN_UNINITIALIZED_AUTOS = YES_AGGRESSIVE;
				GCC_WARN_UNUSED_FUNCTION = YES;
				GCC_WARN_UNUSED_VARIABLE = YES;
				IPHONEOS_DEPLOYMENT_TARGET = 11.0;
				LD_RUNPATH_SEARCH_PATHS = (
					/usr/lib/swift,
					"$(inherited)",
				);
				LIBRARY_SEARCH_PATHS = (
					"\"$(SDKROOT)/usr/lib/swift\"",
					"\"$(TOOLCHAIN_DIR)/usr/lib/swift/$(PLATFORM_NAME)\"",
					"\"$(inherited)\"",
				);
				MTL_ENABLE_DEBUG_INFO = YES;
				ONLY_ACTIVE_ARCH = YES;
				SDKROOT = iphoneos;
			};
			name = Debug;
		};
		83CBBA211A601CBA00E9B192 /* Release */ = {
			isa = XCBuildConfiguration;
			buildSettings = {
				ALWAYS_SEARCH_USER_PATHS = NO;
				CLANG_ANALYZER_LOCALIZABILITY_NONLOCALIZED = YES;
				CLANG_CXX_LANGUAGE_STANDARD = "gnu++0x";
				CLANG_CXX_LIBRARY = "libc++";
				CLANG_ENABLE_MODULES = YES;
				CLANG_ENABLE_OBJC_ARC = YES;
				CLANG_WARN_BLOCK_CAPTURE_AUTORELEASING = YES;
				CLANG_WARN_BOOL_CONVERSION = YES;
				CLANG_WARN_COMMA = YES;
				CLANG_WARN_CONSTANT_CONVERSION = YES;
				CLANG_WARN_DEPRECATED_OBJC_IMPLEMENTATIONS = YES;
				CLANG_WARN_DIRECT_OBJC_ISA_USAGE = YES_ERROR;
				CLANG_WARN_EMPTY_BODY = YES;
				CLANG_WARN_ENUM_CONVERSION = YES;
				CLANG_WARN_INFINITE_RECURSION = YES;
				CLANG_WARN_INT_CONVERSION = YES;
				CLANG_WARN_NON_LITERAL_NULL_CONVERSION = YES;
				CLANG_WARN_OBJC_IMPLICIT_RETAIN_SELF = YES;
				CLANG_WARN_OBJC_LITERAL_CONVERSION = YES;
				CLANG_WARN_OBJC_ROOT_CLASS = YES_ERROR;
				CLANG_WARN_QUOTED_INCLUDE_IN_FRAMEWORK_HEADER = YES;
				CLANG_WARN_RANGE_LOOP_ANALYSIS = YES;
				CLANG_WARN_STRICT_PROTOTYPES = YES;
				CLANG_WARN_SUSPICIOUS_MOVE = YES;
				CLANG_WARN_UNREACHABLE_CODE = YES;
				CLANG_WARN__DUPLICATE_METHOD_MATCH = YES;
				"CODE_SIGN_IDENTITY[sdk=iphoneos*]" = "iPhone Developer";
				COPY_PHASE_STRIP = YES;
				ENABLE_NS_ASSERTIONS = NO;
				ENABLE_STRICT_OBJC_MSGSEND = YES;
				GCC_C_LANGUAGE_STANDARD = gnu99;
				GCC_NO_COMMON_BLOCKS = YES;
				GCC_WARN_64_TO_32_BIT_CONVERSION = YES;
				GCC_WARN_ABOUT_RETURN_TYPE = YES_ERROR;
				GCC_WARN_UNDECLARED_SELECTOR = YES;
				GCC_WARN_UNINITIALIZED_AUTOS = YES_AGGRESSIVE;
				GCC_WARN_UNUSED_FUNCTION = YES;
				GCC_WARN_UNUSED_VARIABLE = YES;
				IPHONEOS_DEPLOYMENT_TARGET = 11.0;
				LD_RUNPATH_SEARCH_PATHS = (
					/usr/lib/swift,
					"$(inherited)",
				);
				LIBRARY_SEARCH_PATHS = (
					"\"$(SDKROOT)/usr/lib/swift\"",
					"\"$(TOOLCHAIN_DIR)/usr/lib/swift/$(PLATFORM_NAME)\"",
					"\"$(inherited)\"",
				);
				MTL_ENABLE_DEBUG_INFO = NO;
				SDKROOT = iphoneos;
				VALIDATE_PRODUCT = YES;
			};
			name = Release;
		};
/* End XCBuildConfiguration section */

/* Begin XCConfigurationList section */
		00E357021AD99517003FC87E /* Build configuration list for PBXNativeTarget "Health_CareTests" */ = {
			isa = XCConfigurationList;
			buildConfigurations = (
				00E356F61AD99517003FC87E /* Debug */,
				00E356F71AD99517003FC87E /* Release */,
			);
			defaultConfigurationIsVisible = 0;
			defaultConfigurationName = Release;
		};
		13B07F931A680F5B00A75B9A /* Build configuration list for PBXNativeTarget "Health_Care" */ = {
			isa = XCConfigurationList;
			buildConfigurations = (
				13B07F941A680F5B00A75B9A /* Debug */,
				13B07F951A680F5B00A75B9A /* Release */,
			);
			defaultConfigurationIsVisible = 0;
			defaultConfigurationName = Release;
		};
		83CBB9FA1A601CBA00E9B192 /* Build configuration list for PBXProject "Health_Care" */ = {
			isa = XCConfigurationList;
			buildConfigurations = (
				83CBBA201A601CBA00E9B192 /* Debug */,
				83CBBA211A601CBA00E9B192 /* Release */,
			);
			defaultConfigurationIsVisible = 0;
			defaultConfigurationName = Release;
		};
/* End XCConfigurationList section */
	};
	rootObject = 83CBB9F71A601CBA00E9B192 /* Project object */;
}
